
Microsoft Visual Studio Solution File, Format Version 12.00
# Visual Studio Version 17
VisualStudioVersion = 17.13.35931.197
MinimumVisualStudioVersion = 10.0.40219.1
Project("{FAE04EC0-301F-11D3-BF4B-00C04F79EFBC}") = "CustomerOrderService.API", "CustomerOrderService.API.csproj", "{5CEA1A0B-1022-48BD-AAEA-C12328162575}"
EndProject
Project("{FAE04EC0-301F-11D3-BF4B-00C04F79EFBC}") = "CustomerOrderService.Application", "..\COA.Application\CustomerOrderService.Application.csproj", "{BFB0D068-40F3-4EA1-8922-61BC38C8AE98}"
EndProject
Project("{FAE04EC0-301F-11D3-BF4B-00C04F79EFBC}") = "CustomerOrderService.Domain", "..\CustomerOrderService.Domain\CustomerOrderService.Domain.csproj", "{2EF8CDFD-C576-4A22-B738-B10C3C927DCA}"
EndProject
Project("{FAE04EC0-301F-11D3-BF4B-00C04F79EFBC}") = "CustomerOrderService.Infrastructure", "..\CustomerOrderService.Infrastructure\CustomerOrderService.Infrastructure.csproj", "{0A47B7C3-6C69-485F-A9CD-DD212C7AC178}"
EndProject
Global
	GlobalSection(SolutionConfigurationPlatforms) = preSolution
		Debug|Any CPU = Debug|Any CPU
		Release|Any CPU = Release|Any CPU
	EndGlobalSection
	GlobalSection(ProjectConfigurationPlatforms) = postSolution
		{5CEA1A0B-1022-48BD-AAEA-C12328162575}.Debug|Any CPU.ActiveCfg = Debug|Any CPU
		{5CEA1A0B-1022-48BD-AAEA-C12328162575}.Debug|Any CPU.Build.0 = Debug|Any CPU
		{5CEA1A0B-1022-48BD-AAEA-C12328162575}.Release|Any CPU.ActiveCfg = Release|Any CPU
		{5CEA1A0B-1022-48BD-AAEA-C12328162575}.Release|Any CPU.Build.0 = Release|Any CPU
		{BFB0D068-40F3-4EA1-8922-61BC38C8AE98}.Debug|Any CPU.ActiveCfg = Debug|Any CPU
		{BFB0D068-40F3-4EA1-8922-61BC38C8AE98}.Debug|Any CPU.Build.0 = Debug|Any CPU
		{BFB0D068-40F3-4EA1-8922-61BC38C8AE98}.Release|Any CPU.ActiveCfg = Release|Any CPU
		{BFB0D068-40F3-4EA1-8922-61BC38C8AE98}.Release|Any CPU.Build.0 = Release|Any CPU
		{2EF8CDFD-C576-4A22-B738-B10C3C927DCA}.Debug|Any CPU.ActiveCfg = Debug|Any CPU
		{2EF8CDFD-C576-4A22-B738-B10C3C927DCA}.Debug|Any CPU.Build.0 = Debug|Any CPU
		{2EF8CDFD-C576-4A22-B738-B10C3C927DCA}.Release|Any CPU.ActiveCfg = Release|Any CPU
		{2EF8CDFD-C576-4A22-B738-B10C3C927DCA}.Release|Any CPU.Build.0 = Release|Any CPU
		{0A47B7C3-6C69-485F-A9CD-DD212C7AC178}.Debug|Any CPU.ActiveCfg = Debug|Any CPU
		{0A47B7C3-6C69-485F-A9CD-DD212C7AC178}.Debug|Any CPU.Build.0 = Debug|Any CPU
		{0A47B7C3-6C69-485F-A9CD-DD212C7AC178}.Release|Any CPU.ActiveCfg = Release|Any CPU
		{0A47B7C3-6C69-485F-A9CD-DD212C7AC178}.Release|Any CPU.Build.0 = Release|Any CPU
	EndGlobalSection
	GlobalSection(SolutionProperties) = preSolution
		HideSolutionNode = FALSE
	EndGlobalSection
	GlobalSection(ExtensibilityGlobals) = postSolution
		SolutionGuid = {F9F83202-2EA8-4D3C-AF81-77661D87F39B}
	EndGlobalSection
EndGlobal
